
Microsoft Visual Studio Solution File, Format Version 12.00
# Visual Studio Version 17
VisualStudioVersion = 17.13.35806.99
MinimumVisualStudioVersion = 10.0.40219.1
Project("{FAE04EC0-301F-11D3-BF4B-00C04F79EFBC}") = "SalonTrack", "SalonTrack\SalonTrack.csproj", "{31FA6564-4A8E-4C13-B80A-7BE6851FD437}"
EndProject
Project("{FAE04EC0-301F-11D3-BF4B-00C04F79EFBC}") = "SalonTrackApi", "SalonTrackApi\SalonTrackApi.csproj", "{4F4468F5-7AC9-4D81-93A3-8F66B63B58C1}"
EndProject
Global
	GlobalSection(SolutionConfigurationPlatforms) = preSolution
		Debug|Any CPU = Debug|Any CPU
		Release|Any CPU = Release|Any CPU
	EndGlobalSection
	GlobalSection(ProjectConfigurationPlatforms) = postSolution
		{31FA6564-4A8E-4C13-B80A-7BE6851FD437}.Debug|Any CPU.ActiveCfg = Debug|Any CPU
		{31FA6564-4A8E-4C13-B80A-7BE6851FD437}.Debug|Any CPU.Build.0 = Debug|Any CPU
		{31FA6564-4A8E-4C13-B80A-7BE6851FD437}.Release|Any CPU.ActiveCfg = Release|Any CPU
		{31FA6564-4A8E-4C13-B80A-7BE6851FD437}.Release|Any CPU.Build.0 = Release|Any CPU
		{4F4468F5-7AC9-4D81-93A3-8F66B63B58C1}.Debug|Any CPU.ActiveCfg = Debug|Any CPU
		{4F4468F5-7AC9-4D81-93A3-8F66B63B58C1}.Debug|Any CPU.Build.0 = Debug|Any CPU
		{4F4468F5-7AC9-4D81-93A3-8F66B63B58C1}.Release|Any CPU.ActiveCfg = Release|Any CPU
		{4F4468F5-7AC9-4D81-93A3-8F66B63B58C1}.Release|Any CPU.Build.0 = Release|Any CPU
	EndGlobalSection
	GlobalSection(SolutionProperties) = preSolution
		HideSolutionNode = FALSE
	EndGlobalSection
	GlobalSection(ExtensibilityGlobals) = postSolution
		SolutionGuid = {A2355520-2000-4091-B439-DFF7A30863D8}
	EndGlobalSection
EndGlobal
